
Microsoft Visual Studio Solution File, Format Version 12.00
# Visual Studio Version 17
VisualStudioVersion = 17.4.33213.308
MinimumVisualStudioVersion = 10.0.40219.1
Project("{FAE04EC0-301F-11D3-BF4B-00C04F79EFBC}") = "VirtualFunctions", "VirtualFunctions\VirtualFunctions.csproj", "{229D5073-BEA8-4AB0-A257-B2F17C34D453}"
EndProject
Global
	GlobalSection(SolutionConfigurationPlatforms) = preSolution
		Debug|Any CPU = Debug|Any CPU
		Release|Any CPU = Release|Any CPU
	EndGlobalSection
	GlobalSection(ProjectConfigurationPlatforms) = postSolution
		{229D5073-BEA8-4AB0-A257-B2F17C34D453}.Debug|Any CPU.ActiveCfg = Debug|Any CPU
		{229D5073-BEA8-4AB0-A257-B2F17C34D453}.Debug|Any CPU.Build.0 = Debug|Any CPU
		{229D5073-BEA8-4AB0-A257-B2F17C34D453}.Release|Any CPU.ActiveCfg = Release|Any CPU
		{229D5073-BEA8-4AB0-A257-B2F17C34D453}.Release|Any CPU.Build.0 = Release|Any CPU
	EndGlobalSection
	GlobalSection(SolutionProperties) = preSolution
		HideSolutionNode = FALSE
	EndGlobalSection
	GlobalSection(ExtensibilityGlobals) = postSolution
		SolutionGuid = {DB2F7A6D-8D54-4E3F-9BEE-31627A6DD6FF}
	EndGlobalSection
EndGlobal
